<?xml version="1.0" encoding="utf-8"?>
<Project ToolsVersion="4.0" xmlns="http://schemas.microsoft.com/developer/msbuild/2003">
  <ItemGroup>
    <Filter Include="Source Files">
      <UniqueIdentifier>{4FC737F1-C7A5-4376-A066-2A32D752A2FF}</UniqueIdentifier>
      <Extensions>cpp;c;cc;cxx;def;odl;idl;hpj;bat;asm;asmx</Extensions>
    </Filter>
    <Filter Include="Header Files">
      <UniqueIdentifier>{93995380-89BD-4b04-88EB-625FBE52EBFB}</UniqueIdentifier>
      <Extensions>h;hpp;hxx;hm;inl;inc;xsd</Extensions>
    </Filter>
    <Filter Include="Resource Files">
      <UniqueIdentifier>{67DA6AB6-F800-4c08-8B7A-83BB121AAD01}</UniqueIdentifier>
      <Extensions>rc;ico;cur;bmp;dlg;rc2;rct;bin;rgs;gif;jpg;jpeg;jpe;resx;tiff;tif;png;wav;mfcribbon-ms</Extensions>
    </Filter>
    <Filter Include="Derivative">
      <UniqueIdentifier>{7aa13695-2bf6-421f-8427-780543aa086b}</UniqueIdentifier>
    </Filter>
    <Filter Include="Integration">
      <UniqueIdentifier>{31291377-637e-49e3-ac1b-a4b81cb86f85}</UniqueIdentifier>
    </Filter>
    <Filter Include="Function">
      <UniqueIdentifier>{ee0a96a1-9bc5-4242-a449-29123f419535}</UniqueIdentifier>
    </Filter>
    <Filter Include="Diff_equation">
      <UniqueIdentifier>{848f3c49-66d5-4cce-9941-e94c086d7dd4}</UniqueIdentifier>
    </Filter>
  </ItemGroup>
  <ItemGroup>
    <Text Include="ReadMe.txt" />
  </ItemGroup>
  <ItemGroup>
    <ClInclude Include="stdafx.h">
      <Filter>Header Files</Filter>
    </ClInclude>
    <ClInclude Include="targetver.h">
      <Filter>Header Files</Filter>
    </ClInclude>
    <ClInclude Include="Derivative.h">
      <Filter>Derivative</Filter>
    </ClInclude>
    <ClInclude Include="Gausian_integration.h">
      <Filter>Integration</Filter>
    </ClInclude>
    <ClInclude Include="Function_vector.h">
      <Filter>Function</Filter>
    </ClInclude>
    <ClInclude Include="Runge_Kutta_solver.h">
      <Filter>Diff_equation</Filter>
    </ClInclude>
    <ClInclude Include="Typedefs.h">
      <Filter>Header Files</Filter>
    </ClInclude>
  </ItemGroup>
  <ItemGroup>
    <ClCompile Include="stdafx.cpp">
      <Filter>Source Files</Filter>
    </ClCompile>
    <ClCompile Include="Galerkin_method.cpp">
      <Filter>Source Files</Filter>
    </ClCompile>
    <ClCompile Include="Runge_Kutta_solver.cpp">
      <Filter>Diff_equation</Filter>
    </ClCompile>
  </ItemGroup>
</Project>